{
  "name": "codekit-project",
  "version": "1.0.0",
  "lockfileVersion": 1,
  "requires": true,
  "dependencies": {
    "@ckeditor/ckeditor5-engine": {
      "version": "34.1.0",
      "resolved": "https://registry.npmjs.org/@ckeditor/ckeditor5-engine/-/ckeditor5-engine-34.1.0.tgz",
      "integrity": "sha512-Bz4BcAl0Hhp6LIsJCypx+LoGbKQHVJjWQSq5oHYbvgrRcT57EPbepdazCtFhAVj7NrLt78ZCq1cdJSBcNASRYA==",
      "requires": {
        "@ckeditor/ckeditor5-utils": "^34.1.0",
        "lodash-es": "^4.17.15"
      }
    },
    "@ckeditor/ckeditor5-utils": {
      "version": "34.1.0",
      "resolved": "https://registry.npmjs.org/@ckeditor/ckeditor5-utils/-/ckeditor5-utils-34.1.0.tgz",
      "integrity": "sha512-laXIFkcGeL3NRG1zVNaiZNOcjHnLVqs2gvp6PaBaw6HigZdQWzPIA07FRfamIajMryG29vgcatBYAYgutKlPhQ==",
      "requires": {
        "lodash-es": "^4.17.15"
      }
    },
    "lodash-es": {
      "version": "4.17.21",
      "resolved": "https://registry.npmjs.org/lodash-es/-/lodash-es-4.17.21.tgz",
      "integrity": "sha512-mKnC+QJ9pWVzv+C4/U3rRsHapFfHvQFoFB92e52xeyGMcX6/OlIl78je1u8vePzYZSkkogMPJ2yjxxsb89cxyw=="
    },
    "orderedmap": {
      "version": "2.0.0",
      "resolved": "https://registry.npmjs.org/orderedmap/-/orderedmap-2.0.0.tgz",
      "integrity": "sha512-buf4PoAMlh45b8a8gsGy/X6w279TSqkyAS0C0wdTSJwFSU+ljQFJON5I8NfjLHoCXwpSROIo2wr0g33T+kQshQ=="
    },
    "prosemirror-commands": {
      "version": "1.3.0",
      "resolved": "https://registry.npmjs.org/prosemirror-commands/-/prosemirror-commands-1.3.0.tgz",
      "integrity": "sha512-BwBbZ5OAScPcm0x7H8SPbqjuEJnCU2RJT9LDyOiiIl/3NbL1nJZI4SFNHwU2e/tRr2Xe7JsptpzseqvZvToLBQ==",
      "requires": {
        "prosemirror-model": "^1.0.0",
        "prosemirror-state": "^1.0.0",
        "prosemirror-transform": "^1.0.0"
      }
    },
    "prosemirror-keymap": {
      "version": "1.2.0",
      "resolved": "https://registry.npmjs.org/prosemirror-keymap/-/prosemirror-keymap-1.2.0.tgz",
      "integrity": "sha512-TdSfu+YyLDd54ufN/ZeD1VtBRYpgZnTPnnbY+4R08DDgs84KrIPEPbJL8t1Lm2dkljFx6xeBE26YWH3aIzkPKg==",
      "requires": {
        "prosemirror-state": "^1.0.0",
        "w3c-keyname": "^2.2.0"
      }
    },
    "prosemirror-model": {
      "version": "1.18.1",
      "resolved": "https://registry.npmjs.org/prosemirror-model/-/prosemirror-model-1.18.1.tgz",
      "integrity": "sha512-IxSVBKAEMjD7s3n8cgtwMlxAXZrC7Mlag7zYsAKDndAqnDScvSmp/UdnRTV/B33lTCVU3CCm7dyAn/rVVD0mcw==",
      "requires": {
        "orderedmap": "^2.0.0"
      }
    },
    "prosemirror-schema-basic": {
      "version": "1.2.0",
      "resolved": "https://registry.npmjs.org/prosemirror-schema-basic/-/prosemirror-schema-basic-1.2.0.tgz",
      "integrity": "sha512-JMN/ammP94ObOUS6cpIy121r0MEDN9V95mAxFVALwC4bbmhpWXGjBGHTA5LHPPdbqZKyR6Jar1Akv4Z5k9CNLw==",
      "requires": {
        "prosemirror-model": "^1.2.0"
      }
    },
    "prosemirror-state": {
      "version": "1.4.0",
      "resolved": "https://registry.npmjs.org/prosemirror-state/-/prosemirror-state-1.4.0.tgz",
      "integrity": "sha512-mVDZdjNX/YT5FvypiwbphJe9psA5h+j9apsSszVRFc6oKFoIInvzdujh8QW9f9lwHtSYajLxNiM1hPhd0Sl1XA==",
      "requires": {
        "prosemirror-model": "^1.0.0",
        "prosemirror-transform": "^1.0.0"
      }
    },
    "prosemirror-transform": {
      "version": "1.6.0",
      "resolved": "https://registry.npmjs.org/prosemirror-transform/-/prosemirror-transform-1.6.0.tgz",
      "integrity": "sha512-MAp7AjsjEGEqQY0sSMufNIUuEyB1ZR9Fqlm8dTwwWwpEJRv/plsKjWXBbx52q3Ml8MtaMcd7ic14zAHVB3WaMw==",
      "requires": {
        "prosemirror-model": "^1.0.0"
      }
    },
    "prosemirror-view": {
      "version": "1.26.2",
      "resolved": "https://registry.npmjs.org/prosemirror-view/-/prosemirror-view-1.26.2.tgz",
      "integrity": "sha512-CGKw+GadkfSBEwRAJTHCEKJ4DlV6/3IhAdjpwGyZHUHtbP7jX4Ol4zmi7xa2c6GOabDlIJLYXJydoNYLX7lNeQ==",
      "requires": {
        "prosemirror-model": "^1.16.0",
        "prosemirror-state": "^1.0.0",
        "prosemirror-transform": "^1.1.0"
      }
    },
    "suneditor": {
      "version": "2.43.11",
      "resolved": "https://registry.npmjs.org/suneditor/-/suneditor-2.43.11.tgz",
      "integrity": "sha512-+2eYNzQuyNAc7SmtzhAUjBqe4RP465j7cmr6h9FV3llKNBQ3/DOp2B+s0FuR0cxFos7tGZ1Y3Nmawuhu9WhI0w=="
    },
    "w3c-keyname": {
      "version": "2.2.4",
      "resolved": "https://registry.npmjs.org/w3c-keyname/-/w3c-keyname-2.2.4.tgz",
      "integrity": "sha512-tOhfEwEzFLJzf6d1ZPkYfGj+FWhIpBux9ppoP3rlclw3Z0BZv3N7b7030Z1kYth+6rDuAsXUFr+d0VE6Ed1ikw=="
    }
  }
}
